
Microsoft Visual Studio Solution File, Format Version 12.00
# Visual Studio Version 17
VisualStudioVersion = 17.6.33712.159
MinimumVisualStudioVersion = 10.0.40219.1
Project("{FAE04EC0-301F-11D3-BF4B-00C04F79EFBC}") = "SnakeGame", "SnakeGame.csproj", "{1C0554F1-7A21-4120-A6BD-0EEFF9FBD88D}"
EndProject
Global
	GlobalSection(SolutionConfigurationPlatforms) = preSolution
		Debug|Any CPU = Debug|Any CPU
		Release|Any CPU = Release|Any CPU
	EndGlobalSection
	GlobalSection(ProjectConfigurationPlatforms) = postSolution
		{1C0554F1-7A21-4120-A6BD-0EEFF9FBD88D}.Debug|Any CPU.ActiveCfg = Debug|Any CPU
		{1C0554F1-7A21-4120-A6BD-0EEFF9FBD88D}.Debug|Any CPU.Build.0 = Debug|Any CPU
		{1C0554F1-7A21-4120-A6BD-0EEFF9FBD88D}.Release|Any CPU.ActiveCfg = Release|Any CPU
		{1C0554F1-7A21-4120-A6BD-0EEFF9FBD88D}.Release|Any CPU.Build.0 = Release|Any CPU
	EndGlobalSection
	GlobalSection(SolutionProperties) = preSolution
		HideSolutionNode = FALSE
	EndGlobalSection
	GlobalSection(ExtensibilityGlobals) = postSolution
		SolutionGuid = {F44A5FE6-0B7C-4125-94FE-492E66F360F5}
	EndGlobalSection
EndGlobal
